
Microsoft Visual Studio Solution File, Format Version 12.00
# Visual Studio Version 17
VisualStudioVersion = 17.6.34031.178
MinimumVisualStudioVersion = 10.0.40219.1
Project("{FAE04EC0-301F-11D3-BF4B-00C04F79EFBC}") = "BookingsListDemoApi", "BookingsListDemoApi.csproj", "{10AC94F6-8628-4EB9-AC9C-203B0D459FBA}"
EndProject
Global
	GlobalSection(SolutionConfigurationPlatforms) = preSolution
		Debug|Any CPU = Debug|Any CPU
		Release|Any CPU = Release|Any CPU
	EndGlobalSection
	GlobalSection(ProjectConfigurationPlatforms) = postSolution
		{10AC94F6-8628-4EB9-AC9C-203B0D459FBA}.Debug|Any CPU.ActiveCfg = Debug|Any CPU
		{10AC94F6-8628-4EB9-AC9C-203B0D459FBA}.Debug|Any CPU.Build.0 = Debug|Any CPU
		{10AC94F6-8628-4EB9-AC9C-203B0D459FBA}.Release|Any CPU.ActiveCfg = Release|Any CPU
		{10AC94F6-8628-4EB9-AC9C-203B0D459FBA}.Release|Any CPU.Build.0 = Release|Any CPU
	EndGlobalSection
	GlobalSection(SolutionProperties) = preSolution
		HideSolutionNode = FALSE
	EndGlobalSection
	GlobalSection(ExtensibilityGlobals) = postSolution
		SolutionGuid = {5610A5AB-FF6D-4765-969B-6968E657318C}
	EndGlobalSection
EndGlobal
